
Microsoft Visual Studio Solution File, Format Version 12.00
# Visual Studio 15
VisualStudioVersion = 15.0.27428.2011
MinimumVisualStudioVersion = 10.0.40219.1
Project("{A07B5EB6-E848-4116-A8D0-A826331D98C6}") = "Recipes", "src\Recipes\Recipes.sfproj", "{34419630-084C-4FDF-8451-493DCDAC768B}"
EndProject
Project("{9A19103F-16F7-4668-BE54-9A1E7A4F7556}") = "Recipes.API", "src\Recipes.API\Recipes.API.csproj", "{7C415E78-2471-43FD-9C8A-8FBDBF64CBB9}"
EndProject
Project("{9A19103F-16F7-4668-BE54-9A1E7A4F7556}") = "Recipes.CatalogService.Domain", "src\Recipes.CatalogService.Domain\Recipes.CatalogService.Domain.csproj", "{56DEBEA1-A75D-40FC-99B4-84B5FDDAE699}"
EndProject
Project("{9A19103F-16F7-4668-BE54-9A1E7A4F7556}") = "Recipes.CatalogService", "src\Recipes.CatalogService\Recipes.CatalogService.csproj", "{1ED06147-D7BD-4C7D-8784-FEE6EA17D8D9}"
EndProject
Global
	GlobalSection(SolutionConfigurationPlatforms) = preSolution
		Debug|Any CPU = Debug|Any CPU
		Debug|x64 = Debug|x64
		Release|Any CPU = Release|Any CPU
		Release|x64 = Release|x64
	EndGlobalSection
	GlobalSection(ProjectConfigurationPlatforms) = postSolution
		{34419630-084C-4FDF-8451-493DCDAC768B}.Debug|Any CPU.ActiveCfg = Debug|x64
		{34419630-084C-4FDF-8451-493DCDAC768B}.Debug|x64.ActiveCfg = Debug|x64
		{34419630-084C-4FDF-8451-493DCDAC768B}.Debug|x64.Build.0 = Debug|x64
		{34419630-084C-4FDF-8451-493DCDAC768B}.Debug|x64.Deploy.0 = Debug|x64
		{34419630-084C-4FDF-8451-493DCDAC768B}.Release|Any CPU.ActiveCfg = Release|x64
		{34419630-084C-4FDF-8451-493DCDAC768B}.Release|x64.ActiveCfg = Release|x64
		{34419630-084C-4FDF-8451-493DCDAC768B}.Release|x64.Build.0 = Release|x64
		{34419630-084C-4FDF-8451-493DCDAC768B}.Release|x64.Deploy.0 = Release|x64
		{7C415E78-2471-43FD-9C8A-8FBDBF64CBB9}.Debug|Any CPU.ActiveCfg = Debug|Any CPU
		{7C415E78-2471-43FD-9C8A-8FBDBF64CBB9}.Debug|Any CPU.Build.0 = Debug|Any CPU
		{7C415E78-2471-43FD-9C8A-8FBDBF64CBB9}.Debug|x64.ActiveCfg = Debug|Any CPU
		{7C415E78-2471-43FD-9C8A-8FBDBF64CBB9}.Debug|x64.Build.0 = Debug|Any CPU
		{7C415E78-2471-43FD-9C8A-8FBDBF64CBB9}.Release|Any CPU.ActiveCfg = Release|Any CPU
		{7C415E78-2471-43FD-9C8A-8FBDBF64CBB9}.Release|Any CPU.Build.0 = Release|Any CPU
		{7C415E78-2471-43FD-9C8A-8FBDBF64CBB9}.Release|x64.ActiveCfg = Release|Any CPU
		{7C415E78-2471-43FD-9C8A-8FBDBF64CBB9}.Release|x64.Build.0 = Release|Any CPU
		{56DEBEA1-A75D-40FC-99B4-84B5FDDAE699}.Debug|Any CPU.ActiveCfg = Debug|Any CPU
		{56DEBEA1-A75D-40FC-99B4-84B5FDDAE699}.Debug|Any CPU.Build.0 = Debug|Any CPU
		{56DEBEA1-A75D-40FC-99B4-84B5FDDAE699}.Debug|x64.ActiveCfg = Debug|Any CPU
		{56DEBEA1-A75D-40FC-99B4-84B5FDDAE699}.Debug|x64.Build.0 = Debug|Any CPU
		{56DEBEA1-A75D-40FC-99B4-84B5FDDAE699}.Release|Any CPU.ActiveCfg = Release|Any CPU
		{56DEBEA1-A75D-40FC-99B4-84B5FDDAE699}.Release|Any CPU.Build.0 = Release|Any CPU
		{56DEBEA1-A75D-40FC-99B4-84B5FDDAE699}.Release|x64.ActiveCfg = Release|Any CPU
		{56DEBEA1-A75D-40FC-99B4-84B5FDDAE699}.Release|x64.Build.0 = Release|Any CPU
		{1ED06147-D7BD-4C7D-8784-FEE6EA17D8D9}.Debug|Any CPU.ActiveCfg = Debug|Any CPU
		{1ED06147-D7BD-4C7D-8784-FEE6EA17D8D9}.Debug|Any CPU.Build.0 = Debug|Any CPU
		{1ED06147-D7BD-4C7D-8784-FEE6EA17D8D9}.Debug|x64.ActiveCfg = Debug|Any CPU
		{1ED06147-D7BD-4C7D-8784-FEE6EA17D8D9}.Debug|x64.Build.0 = Debug|Any CPU
		{1ED06147-D7BD-4C7D-8784-FEE6EA17D8D9}.Release|Any CPU.ActiveCfg = Release|Any CPU
		{1ED06147-D7BD-4C7D-8784-FEE6EA17D8D9}.Release|Any CPU.Build.0 = Release|Any CPU
		{1ED06147-D7BD-4C7D-8784-FEE6EA17D8D9}.Release|x64.ActiveCfg = Release|Any CPU
		{1ED06147-D7BD-4C7D-8784-FEE6EA17D8D9}.Release|x64.Build.0 = Release|Any CPU
	EndGlobalSection
	GlobalSection(SolutionProperties) = preSolution
		HideSolutionNode = FALSE
	EndGlobalSection
	GlobalSection(ExtensibilityGlobals) = postSolution
		SolutionGuid = {103DFA7F-BAD3-465D-8BA3-7970323C99D9}
	EndGlobalSection
EndGlobal
